PODS:
  - FBSnapshotTestCase (2.1.4):
    - FBSnapshotTestCase/SwiftSupport (= 2.1.4)
  - FBSnapshotTestCase/Core (2.1.4)
  - FBSnapshotTestCase/SwiftSupport (2.1.4):
    - FBSnapshotTestCase/Core
  - Nimble (7.3.1)
  - Sourcery (0.15.0)

DEPENDENCIES:
  - FBSnapshotTestCase (from `https://github.com/facebook/ios-snapshot-test-case.git`, branch `master`)
  - Nimble (from `https://github.com/Quick/Nimble.git`, branch `master`)
  - Sourcery

SPEC REPOS:
  https://github.com/CocoaPods/Specs:
    - Sourcery

EXTERNAL SOURCES:
  FBSnapshotTestCase:
    :branch: master
    :git: https://github.com/facebook/ios-snapshot-test-case.git
  Nimble:
    :branch: master
    :git: https://github.com/Quick/Nimble.git

CHECKOUT OPTIONS:
  FBSnapshotTestCase:
    :commit: 3efc829601128f7d9306e8e58db04d32594b62ce
    :git: https://github.com/facebook/ios-snapshot-test-case.git
  Nimble:
    :commit: c68f5fd88997ab93a53cab07434349621882c817
    :git: https://github.com/Quick/Nimble.git

SPEC CHECKSUMS:
  FBSnapshotTestCase: a8e5a33928796ea13ebb3e9ea58e0187270d3eff
  Nimble: b8e7e9a89ec640b81d31d8cd222e5ad51ed70e82
  Sourcery: 5895672cae353cdbfa95f3f4aaeb75a664d76f6a

PODFILE CHECKSUM: 12448b47ab00b44a69f37cf689f32b865167e4c1

COCOAPODS: 1.13.0
